
Microsoft Visual Studio Solution File, Format Version 12.00
# Visual Studio Version 16
VisualStudioVersion = 16.0.30804.86
MinimumVisualStudioVersion = 10.0.40219.1
Project("{F2A71F9B-5D33-465A-A702-920D77279786}") = "MC6809EFS.Sandbox", "MC6809EFS.Sandbox\MC6809EFS.Sandbox.fsproj", "{F1878ECC-D349-4A87-A248-C58C52E259F6}"
EndProject
Global
	GlobalSection(SolutionConfigurationPlatforms) = preSolution
		Debug|Any CPU = Debug|Any CPU
		Release|Any CPU = Release|Any CPU
	EndGlobalSection
	GlobalSection(ProjectConfigurationPlatforms) = postSolution
		{F1878ECC-D349-4A87-A248-C58C52E259F6}.Debug|Any CPU.ActiveCfg = Debug|Any CPU
		{F1878ECC-D349-4A87-A248-C58C52E259F6}.Debug|Any CPU.Build.0 = Debug|Any CPU
		{F1878ECC-D349-4A87-A248-C58C52E259F6}.Release|Any CPU.ActiveCfg = Release|Any CPU
		{F1878ECC-D349-4A87-A248-C58C52E259F6}.Release|Any CPU.Build.0 = Release|Any CPU
	EndGlobalSection
	GlobalSection(SolutionProperties) = preSolution
		HideSolutionNode = FALSE
	EndGlobalSection
	GlobalSection(ExtensibilityGlobals) = postSolution
		SolutionGuid = {654EA4AE-71CB-42BA-B351-DCF821C953C7}
	EndGlobalSection
EndGlobal
